{
  "name": "malicious-test-clean",
  "version": "1.0.0",
  "lockfileVersion": 3,
  "requires": true,
  "packages": {
    "": {
      "name": "malicious-test-clean",
      "version": "1.0.0",
      "dependencies": {
        "express": "^4.18.2"
      },
      "devDependencies": {
        "jest": "^29.7.0"
      }
    },
    "node_modules/express": {
      "version": "4.18.2",
      "resolved": "https://registry.npmjs.org/express/-/express-4.18.2.tgz"
    },
    "node_modules/jest": {
      "version": "29.7.0",
      "resolved": "https://registry.npmjs.org/jest/-/jest-29.7.0.tgz",
      "dev": true
    }
  }
}
